
Microsoft Visual Studio Solution File, Format Version 12.00
# Visual Studio Version 17
VisualStudioVersion = 17.13.35825.156 d17.13
MinimumVisualStudioVersion = 10.0.40219.1
Project("{FAE04EC0-301F-11D3-BF4B-00C04F79EFBC}") = "ApiTest", "ApiTest.csproj", "{AD566873-9A7A-4E13-9F37-5758EF3D2FF9}"
EndProject
Global
	GlobalSection(SolutionConfigurationPlatforms) = preSolution
		Debug|Any CPU = Debug|Any CPU
		Release|Any CPU = Release|Any CPU
	EndGlobalSection
	GlobalSection(ProjectConfigurationPlatforms) = postSolution
		{AD566873-9A7A-4E13-9F37-5758EF3D2FF9}.Debug|Any CPU.ActiveCfg = Debug|Any CPU
		{AD566873-9A7A-4E13-9F37-5758EF3D2FF9}.Debug|Any CPU.Build.0 = Debug|Any CPU
		{AD566873-9A7A-4E13-9F37-5758EF3D2FF9}.Release|Any CPU.ActiveCfg = Release|Any CPU
		{AD566873-9A7A-4E13-9F37-5758EF3D2FF9}.Release|Any CPU.Build.0 = Release|Any CPU
	EndGlobalSection
	GlobalSection(SolutionProperties) = preSolution
		HideSolutionNode = FALSE
	EndGlobalSection
	GlobalSection(ExtensibilityGlobals) = postSolution
		SolutionGuid = {24DBA6DF-FAEF-4115-B690-CF7B2B299DAD}
	EndGlobalSection
EndGlobal
